// !$*UTF8*$!
{
	archiveVersion = 1;
	classes = {
	};
	objectVersion = 56;
	objects = {

/* Begin PBXBuildFile section */
		B43886632B35A205007D1D52 /* MenuApp.swift in Sources */ = {isa = PBXBuildFile; fileRef = B43886622B35A205007D1D52 /* MenuApp.swift */; };
		B43886652B35A205007D1D52 /* ContentView.swift in Sources */ = {isa = PBXBuildFile; fileRef = B43886642B35A205007D1D52 /* ContentView.swift */; };
		B43886672B35A206007D1D52 /* Assets.xcassets in Resources */ = {isa = PBXBuildFile; fileRef = B43886662B35A206007D1D52 /* Assets.xcassets */; };
		B438866A2B35A206007D1D52 /* Preview Assets.xcassets in Resources */ = {isa = PBXBuildFile; fileRef = B43886692B35A206007D1D52 /* Preview Assets.xcassets */; };
		B43886742B35A206007D1D52 /* MenuTests.swift in Sources */ = {isa = PBXBuildFile; fileRef = B43886732B35A206007D1D52 /* MenuTests.swift */; };
		B438867E2B35A206007D1D52 /* MenuUITests.swift in Sources */ = {isa = PBXBuildFile; fileRef = B438867D2B35A206007D1D52 /* MenuUITests.swift */; };
		B43886802B35A206007D1D52 /* MenuUITestsLaunchTests.swift in Sources */ = {isa = PBXBuildFile; fileRef = B438867F2B35A206007D1D52 /* MenuUITestsLaunchTests.swift */; };
		B438868D2B35A429007D1D52 /* MenuItem.swift in Sources */ = {isa = PBXBuildFile; fileRef = B438868C2B35A429007D1D52 /* MenuItem.swift */; };
		B43886902B35A6BF007D1D52 /* MenuItemModel.swift in Sources */ = {isa = PBXBuildFile; fileRef = B438868F2B35A6BF007D1D52 /* MenuItemModel.swift */; };
		B43886922B35A6DB007D1D52 /* menuItems.json in Resources */ = {isa = PBXBuildFile; fileRef = B43886912B35A6DB007D1D52 /* menuItems.json */; };
		B43886952B360B51007D1D52 /* MenuItemsView.swift in Sources */ = {isa = PBXBuildFile; fileRef = B43886942B360B51007D1D52 /* MenuItemsView.swift */; };
		B43886972B362311007D1D52 /* MenuItemGridView.swift in Sources */ = {isa = PBXBuildFile; fileRef = B43886962B362311007D1D52 /* MenuItemGridView.swift */; };
		B43886992B36D954007D1D52 /* GradientBackgroundView.swift in Sources */ = {isa = PBXBuildFile; fileRef = B43886982B36D954007D1D52 /* GradientBackgroundView.swift */; };
/* End PBXBuildFile section */

/* Begin PBXContainerItemProxy section */
		B43886702B35A206007D1D52 /* PBXContainerItemProxy */ = {
			isa = PBXContainerItemProxy;
			containerPortal = B43886572B35A205007D1D52 /* Project object */;
			proxyType = 1;
			remoteGlobalIDString = B438865E2B35A205007D1D52;
			remoteInfo = Menu;
		};
		B438867A2B35A206007D1D52 /* PBXContainerItemProxy */ = {
			isa = PBXContainerItemProxy;
			containerPortal = B43886572B35A205007D1D52 /* Project object */;
			proxyType = 1;
			remoteGlobalIDString = B438865E2B35A205007D1D52;
			remoteInfo = Menu;
		};
/* End PBXContainerItemProxy section */

/* Begin PBXFileReference section */
		B438865F2B35A205007D1D52 /* Menu.app */ = {isa = PBXFileReference; explicitFileType = wrapper.application; includeInIndex = 0; path = Menu.app; sourceTree = BUILT_PRODUCTS_DIR; };
		B43886622B35A205007D1D52 /* MenuApp.swift */ = {isa = PBXFileReference; lastKnownFileType = sourcecode.swift; path = MenuApp.swift; sourceTree = "<group>"; };
		B43886642B35A205007D1D52 /* ContentView.swift */ = {isa = PBXFileReference; lastKnownFileType = sourcecode.swift; path = ContentView.swift; sourceTree = "<group>"; };
		B43886662B35A206007D1D52 /* Assets.xcassets */ = {isa = PBXFileReference; lastKnownFileType = folder.assetcatalog; path = Assets.xcassets; sourceTree = "<group>"; };
		B43886692B35A206007D1D52 /* Preview Assets.xcassets */ = {isa = PBXFileReference; lastKnownFileType = folder.assetcatalog; path = "Preview Assets.xcassets"; sourceTree = "<group>"; };
		B438866F2B35A206007D1D52 /* MenuTests.xctest */ = {isa = PBXFileReference; explicitFileType = wrapper.cfbundle; includeInIndex = 0; path = MenuTests.xctest; sourceTree = BUILT_PRODUCTS_DIR; };
		B43886732B35A206007D1D52 /* MenuTests.swift */ = {isa = PBXFileReference; lastKnownFileType = sourcecode.swift; path = MenuTests.swift; sourceTree = "<group>"; };
		B43886792B35A206007D1D52 /* MenuUITests.xctest */ = {isa = PBXFileReference; explicitFileType = wrapper.cfbundle; includeInIndex = 0; path = MenuUITests.xctest; sourceTree = BUILT_PRODUCTS_DIR; };
		B438867D2B35A206007D1D52 /* MenuUITests.swift */ = {isa = PBXFileReference; lastKnownFileType = sourcecode.swift; path = MenuUITests.swift; sourceTree = "<group>"; };
		B438867F2B35A206007D1D52 /* MenuUITestsLaunchTests.swift */ = {isa = PBXFileReference; lastKnownFileType = sourcecode.swift; path = MenuUITestsLaunchTests.swift; sourceTree = "<group>"; };
		B438868C2B35A429007D1D52 /* MenuItem.swift */ = {isa = PBXFileReference; lastKnownFileType = sourcecode.swift; path = MenuItem.swift; sourceTree = "<group>"; };
		B438868F2B35A6BF007D1D52 /* MenuItemModel.swift */ = {isa = PBXFileReference; lastKnownFileType = sourcecode.swift; path = MenuItemModel.swift; sourceTree = "<group>"; };
		B43886912B35A6DB007D1D52 /* menuItems.json */ = {isa = PBXFileReference; lastKnownFileType = text.json; path = menuItems.json; sourceTree = "<group>"; };
		B43886942B360B51007D1D52 /* MenuItemsView.swift */ = {isa = PBXFileReference; lastKnownFileType = sourcecode.swift; path = MenuItemsView.swift; sourceTree = "<group>"; };
		B43886962B362311007D1D52 /* MenuItemGridView.swift */ = {isa = PBXFileReference; lastKnownFileType = sourcecode.swift; path = MenuItemGridView.swift; sourceTree = "<group>"; };
		B43886982B36D954007D1D52 /* GradientBackgroundView.swift */ = {isa = PBXFileReference; lastKnownFileType = sourcecode.swift; path = GradientBackgroundView.swift; sourceTree = "<group>"; };
/* End PBXFileReference section */

/* Begin PBXFrameworksBuildPhase section */
		B438865C2B35A205007D1D52 /* Frameworks */ = {
			isa = PBXFrameworksBuildPhase;
			buildActionMask = 2147483647;
			files = (
			);
			runOnlyForDeploymentPostprocessing = 0;
		};
		B438866C2B35A206007D1D52 /* Frameworks */ = {
			isa = PBXFrameworksBuildPhase;
			buildActionMask = 2147483647;
			files = (
			);
			runOnlyForDeploymentPostprocessing = 0;
		};
		B43886762B35A206007D1D52 /* Frameworks */ = {
			isa = PBXFrameworksBuildPhase;
			buildActionMask = 2147483647;
			files = (
			);
			runOnlyForDeploymentPostprocessing = 0;
		};
/* End PBXFrameworksBuildPhase section */

/* Begin PBXGroup section */
		B43886562B35A205007D1D52 = {
			isa = PBXGroup;
			children = (
				B43886612B35A205007D1D52 /* Menu */,
				B43886722B35A206007D1D52 /* MenuTests */,
				B438867C2B35A206007D1D52 /* MenuUITests */,
				B43886602B35A205007D1D52 /* Products */,
			);
			sourceTree = "<group>";
		};
		B43886602B35A205007D1D52 /* Products */ = {
			isa = PBXGroup;
			children = (
				B438865F2B35A205007D1D52 /* Menu.app */,
				B438866F2B35A206007D1D52 /* MenuTests.xctest */,
				B43886792B35A206007D1D52 /* MenuUITests.xctest */,
			);
			name = Products;
			sourceTree = "<group>";
		};
		B43886612B35A205007D1D52 /* Menu */ = {
			isa = PBXGroup;
			children = (
				B43886932B360B2E007D1D52 /* Views */,
				B438868E2B35A68E007D1D52 /* Model */,
				B43886622B35A205007D1D52 /* MenuApp.swift */,
				B43886662B35A206007D1D52 /* Assets.xcassets */,
				B43886682B35A206007D1D52 /* Preview Content */,
			);
			path = Menu;
			sourceTree = "<group>";
		};
		B43886682B35A206007D1D52 /* Preview Content */ = {
			isa = PBXGroup;
			children = (
				B43886692B35A206007D1D52 /* Preview Assets.xcassets */,
			);
			path = "Preview Content";
			sourceTree = "<group>";
		};
		B43886722B35A206007D1D52 /* MenuTests */ = {
			isa = PBXGroup;
			children = (
				B43886732B35A206007D1D52 /* MenuTests.swift */,
			);
			path = MenuTests;
			sourceTree = "<group>";
		};
		B438867C2B35A206007D1D52 /* MenuUITests */ = {
			isa = PBXGroup;
			children = (
				B438867D2B35A206007D1D52 /* MenuUITests.swift */,
				B438867F2B35A206007D1D52 /* MenuUITestsLaunchTests.swift */,
			);
			path = MenuUITests;
			sourceTree = "<group>";
		};
		B438868E2B35A68E007D1D52 /* Model */ = {
			isa = PBXGroup;
			children = (
				B438868C2B35A429007D1D52 /* MenuItem.swift */,
				B438868F2B35A6BF007D1D52 /* MenuItemModel.swift */,
				B43886912B35A6DB007D1D52 /* menuItems.json */,
			);
			path = Model;
			sourceTree = "<group>";
		};
		B43886932B360B2E007D1D52 /* Views */ = {
			isa = PBXGroup;
			children = (
				B43886642B35A205007D1D52 /* ContentView.swift */,
				B43886942B360B51007D1D52 /* MenuItemsView.swift */,
				B43886982B36D954007D1D52 /* GradientBackgroundView.swift */,
				B43886962B362311007D1D52 /* MenuItemGridView.swift */,
			);
			path = Views;
			sourceTree = "<group>";
		};
/* End PBXGroup section */

/* Begin PBXNativeTarget section */
		B438865E2B35A205007D1D52 /* Menu */ = {
			isa = PBXNativeTarget;
			buildConfigurationList = B43886832B35A206007D1D52 /* Build configuration list for PBXNativeTarget "Menu" */;
			buildPhases = (
				B438865B2B35A205007D1D52 /* Sources */,
				B438865C2B35A205007D1D52 /* Frameworks */,
				B438865D2B35A205007D1D52 /* Resources */,
			);
			buildRules = (
			);
			dependencies = (
			);
			name = Menu;
			productName = Menu;
			productReference = B438865F2B35A205007D1D52 /* Menu.app */;
			productType = "com.apple.product-type.application";
		};
		B438866E2B35A206007D1D52 /* MenuTests */ = {
			isa = PBXNativeTarget;
			buildConfigurationList = B43886862B35A206007D1D52 /* Build configuration list for PBXNativeTarget "MenuTests" */;
			buildPhases = (
				B438866B2B35A206007D1D52 /* Sources */,
				B438866C2B35A206007D1D52 /* Frameworks */,
				B438866D2B35A206007D1D52 /* Resources */,
			);
			buildRules = (
			);
			dependencies = (
				B43886712B35A206007D1D52 /* PBXTargetDependency */,
			);
			name = MenuTests;
			productName = MenuTests;
			productReference = B438866F2B35A206007D1D52 /* MenuTests.xctest */;
			productType = "com.apple.product-type.bundle.unit-test";
		};
		B43886782B35A206007D1D52 /* MenuUITests */ = {
			isa = PBXNativeTarget;
			buildConfigurationList = B43886892B35A206007D1D52 /* Build configuration list for PBXNativeTarget "MenuUITests" */;
			buildPhases = (
				B43886752B35A206007D1D52 /* Sources */,
				B43886762B35A206007D1D52 /* Frameworks */,
				B43886772B35A206007D1D52 /* Resources */,
			);
			buildRules = (
			);
			dependencies = (
				B438867B2B35A206007D1D52 /* PBXTargetDependency */,
			);
			name = MenuUITests;
			productName = MenuUITests;
			productReference = B43886792B35A206007D1D52 /* MenuUITests.xctest */;
			productType = "com.apple.product-type.bundle.ui-testing";
		};
/* End PBXNativeTarget section */

/* Begin PBXProject section */
		B43886572B35A205007D1D52 /* Project object */ = {
			isa = PBXProject;
			attributes = {
				BuildIndependentTargetsInParallel = 1;
				LastSwiftUpdateCheck = 1430;
				LastUpgradeCheck = 1430;
				TargetAttributes = {
					B438865E2B35A205007D1D52 = {
						CreatedOnToolsVersion = 14.3.1;
					};
					B438866E2B35A206007D1D52 = {
						CreatedOnToolsVersion = 14.3.1;
						TestTargetID = B438865E2B35A205007D1D52;
					};
					B43886782B35A206007D1D52 = {
						CreatedOnToolsVersion = 14.3.1;
						TestTargetID = B438865E2B35A205007D1D52;
					};
				};
			};
			buildConfigurationList = B438865A2B35A205007D1D52 /* Build configuration list for PBXProject "Menu" */;
			compatibilityVersion = "Xcode 14.0";
			developmentRegion = en;
			hasScannedForEncodings = 0;
			knownRegions = (
				en,
				Base,
			);
			mainGroup = B43886562B35A205007D1D52;
			productRefGroup = B43886602B35A205007D1D52 /* Products */;
			projectDirPath = "";
			projectRoot = "";
			targets = (
				B438865E2B35A205007D1D52 /* Menu */,
				B438866E2B35A206007D1D52 /* MenuTests */,
				B43886782B35A206007D1D52 /* MenuUITests */,
			);
		};
/* End PBXProject section */

/* Begin PBXResourcesBuildPhase section */
		B438865D2B35A205007D1D52 /* Resources */ = {
			isa = PBXResourcesBuildPhase;
			buildActionMask = 2147483647;
			files = (
				B438866A2B35A206007D1D52 /* Preview Assets.xcassets in Resources */,
				B43886672B35A206007D1D52 /* Assets.xcassets in Resources */,
				B43886922B35A6DB007D1D52 /* menuItems.json in Resources */,
			);
			runOnlyForDeploymentPostprocessing = 0;
		};
		B438866D2B35A206007D1D52 /* Resources */ = {
			isa = PBXResourcesBuildPhase;
			buildActionMask = 2147483647;
			files = (
			);
			runOnlyForDeploymentPostprocessing = 0;
		};
		B43886772B35A206007D1D52 /* Resources */ = {
			isa = PBXResourcesBuildPhase;
			buildActionMask = 2147483647;
			files = (
			);
			runOnlyForDeploymentPostprocessing = 0;
		};
/* End PBXResourcesBuildPhase section */

/* Begin PBXSourcesBuildPhase section */
		B438865B2B35A205007D1D52 /* Sources */ = {
			isa = PBXSourcesBuildPhase;
			buildActionMask = 2147483647;
			files = (
				B438868D2B35A429007D1D52 /* MenuItem.swift in Sources */,
				B43886652B35A205007D1D52 /* ContentView.swift in Sources */,
				B43886972B362311007D1D52 /* MenuItemGridView.swift in Sources */,
				B43886992B36D954007D1D52 /* GradientBackgroundView.swift in Sources */,
				B43886632B35A205007D1D52 /* MenuApp.swift in Sources */,
				B43886952B360B51007D1D52 /* MenuItemsView.swift in Sources */,
				B43886902B35A6BF007D1D52 /* MenuItemModel.swift in Sources */,
			);
			runOnlyForDeploymentPostprocessing = 0;
		};
		B438866B2B35A206007D1D52 /* Sources */ = {
			isa = PBXSourcesBuildPhase;
			buildActionMask = 2147483647;
			files = (
				B43886742B35A206007D1D52 /* MenuTests.swift in Sources */,
			);
			runOnlyForDeploymentPostprocessing = 0;
		};
		B43886752B35A206007D1D52 /* Sources */ = {
			isa = PBXSourcesBuildPhase;
			buildActionMask = 2147483647;
			files = (
				B438867E2B35A206007D1D52 /* MenuUITests.swift in Sources */,
				B43886802B35A206007D1D52 /* MenuUITestsLaunchTests.swift in Sources */,
			);
			runOnlyForDeploymentPostprocessing = 0;
		};
/* End PBXSourcesBuildPhase section */

/* Begin PBXTargetDependency section */
		B43886712B35A206007D1D52 /* PBXTargetDependency */ = {
			isa = PBXTargetDependency;
			target = B438865E2B35A205007D1D52 /* Menu */;
			targetProxy = B43886702B35A206007D1D52 /* PBXContainerItemProxy */;
		};
		B438867B2B35A206007D1D52 /* PBXTargetDependency */ = {
			isa = PBXTargetDependency;
			target = B438865E2B35A205007D1D52 /* Menu */;
			targetProxy = B438867A2B35A206007D1D52 /* PBXContainerItemProxy */;
		};
/* End PBXTargetDependency section */

/* Begin XCBuildConfiguration section */
		B43886812B35A206007D1D52 /* Debug */ = {
			isa = XCBuildConfiguration;
			buildSettings = {
				ALWAYS_SEARCH_USER_PATHS = NO;
				CLANG_ANALYZER_NONNULL = YES;
				CLANG_ANALYZER_NUMBER_OBJECT_CONVERSION = YES_AGGRESSIVE;
				CLANG_CXX_LANGUAGE_STANDARD = "gnu++20";
				CLANG_ENABLE_MODULES = YES;
				CLANG_ENABLE_OBJC_ARC = YES;
				CLANG_ENABLE_OBJC_WEAK = YES;
				CLANG_WARN_BLOCK_CAPTURE_AUTORELEASING = YES;
				CLANG_WARN_BOOL_CONVERSION = YES;
				CLANG_WARN_COMMA = YES;
				CLANG_WARN_CONSTANT_CONVERSION = YES;
				CLANG_WARN_DEPRECATED_OBJC_IMPLEMENTATIONS = YES;
				CLANG_WARN_DIRECT_OBJC_ISA_USAGE = YES_ERROR;
				CLANG_WARN_DOCUMENTATION_COMMENTS = YES;
				CLANG_WARN_EMPTY_BODY = YES;
				CLANG_WARN_ENUM_CONVERSION = YES;
				CLANG_WARN_INFINITE_RECURSION = YES;
				CLANG_WARN_INT_CONVERSION = YES;
				CLANG_WARN_NON_LITERAL_NULL_CONVERSION = YES;
				CLANG_WARN_OBJC_IMPLICIT_RETAIN_SELF = YES;
				CLANG_WARN_OBJC_LITERAL_CONVERSION = YES;
				CLANG_WARN_OBJC_ROOT_CLASS = YES_ERROR;
				CLANG_WARN_QUOTED_INCLUDE_IN_FRAMEWORK_HEADER = YES;
				CLANG_WARN_RANGE_LOOP_ANALYSIS = YES;
				CLANG_WARN_STRICT_PROTOTYPES = YES;
				CLANG_WARN_SUSPICIOUS_MOVE = YES;
				CLANG_WARN_UNGUARDED_AVAILABILITY = YES_AGGRESSIVE;
				CLANG_WARN_UNREACHABLE_CODE = YES;
				CLANG_WARN__DUPLICATE_METHOD_MATCH = YES;
				COPY_PHASE_STRIP = NO;
				DEBUG_INFORMATION_FORMAT = dwarf;
				ENABLE_STRICT_OBJC_MSGSEND = YES;
				ENABLE_TESTABILITY = YES;
				GCC_C_LANGUAGE_STANDARD = gnu11;
				GCC_DYNAMIC_NO_PIC = NO;
				GCC_NO_COMMON_BLOCKS = YES;
				GCC_OPTIMIZATION_LEVEL = 0;
				GCC_PREPROCESSOR_DEFINITIONS = (
					"DEBUG=1",
					"$(inherited)",
				);
				GCC_WARN_64_TO_32_BIT_CONVERSION = YES;
				GCC_WARN_ABOUT_RETURN_TYPE = YES_ERROR;
				GCC_WARN_UNDECLARED_SELECTOR = YES;
				GCC_WARN_UNINITIALIZED_AUTOS = YES_AGGRESSIVE;
				GCC_WARN_UNUSED_FUNCTION = YES;
				GCC_WARN_UNUSED_VARIABLE = YES;
				IPHONEOS_DEPLOYMENT_TARGET = 16.4;
				MTL_ENABLE_DEBUG_INFO = INCLUDE_SOURCE;
				MTL_FAST_MATH = YES;
				ONLY_ACTIVE_ARCH = YES;
				SDKROOT = iphoneos;
				SWIFT_ACTIVE_COMPILATION_CONDITIONS = DEBUG;
				SWIFT_OPTIMIZATION_LEVEL = "-Onone";
			};
			name = Debug;
		};
		B43886822B35A206007D1D52 /* Release */ = {
			isa = XCBuildConfiguration;
			buildSettings = {
				ALWAYS_SEARCH_USER_PATHS = NO;
				CLANG_ANALYZER_NONNULL = YES;
				CLANG_ANALYZER_NUMBER_OBJECT_CONVERSION = YES_AGGRESSIVE;
				CLANG_CXX_LANGUAGE_STANDARD = "gnu++20";
				CLANG_ENABLE_MODULES = YES;
				CLANG_ENABLE_OBJC_ARC = YES;
				CLANG_ENABLE_OBJC_WEAK = YES;
				CLANG_WARN_BLOCK_CAPTURE_AUTORELEASING = YES;
				CLANG_WARN_BOOL_CONVERSION = YES;
				CLANG_WARN_COMMA = YES;
				CLANG_WARN_CONSTANT_CONVERSION = YES;
				CLANG_WARN_DEPRECATED_OBJC_IMPLEMENTATIONS = YES;
				CLANG_WARN_DIRECT_OBJC_ISA_USAGE = YES_ERROR;
				CLANG_WARN_DOCUMENTATION_COMMENTS = YES;
				CLANG_WARN_EMPTY_BODY = YES;
				CLANG_WARN_ENUM_CONVERSION = YES;
				CLANG_WARN_INFINITE_RECURSION = YES;
				CLANG_WARN_INT_CONVERSION = YES;
				CLANG_WARN_NON_LITERAL_NULL_CONVERSION = YES;
				CLANG_WARN_OBJC_IMPLICIT_RETAIN_SELF = YES;
				CLANG_WARN_OBJC_LITERAL_CONVERSION = YES;
				CLANG_WARN_OBJC_ROOT_CLASS = YES_ERROR;
				CLANG_WARN_QUOTED_INCLUDE_IN_FRAMEWORK_HEADER = YES;
				CLANG_WARN_RANGE_LOOP_ANALYSIS = YES;
				CLANG_WARN_STRICT_PROTOTYPES = YES;
				CLANG_WARN_SUSPICIOUS_MOVE = YES;
				CLANG_WARN_UNGUARDED_AVAILABILITY = YES_AGGRESSIVE;
				CLANG_WARN_UNREACHABLE_CODE = YES;
				CLANG_WARN__DUPLICATE_METHOD_MATCH = YES;
				COPY_PHASE_STRIP = NO;
				DEBUG_INFORMATION_FORMAT = "dwarf-with-dsym";
				ENABLE_NS_ASSERTIONS = NO;
				ENABLE_STRICT_OBJC_MSGSEND = YES;
				GCC_C_LANGUAGE_STANDARD = gnu11;
				GCC_NO_COMMON_BLOCKS = YES;
				GCC_WARN_64_TO_32_BIT_CONVERSION = YES;
				GCC_WARN_ABOUT_RETURN_TYPE = YES_ERROR;
				GCC_WARN_UNDECLARED_SELECTOR = YES;
				GCC_WARN_UNINITIALIZED_AUTOS = YES_AGGRESSIVE;
				GCC_WARN_UNUSED_FUNCTION = YES;
				GCC_WARN_UNUSED_VARIABLE = YES;
				IPHONEOS_DEPLOYMENT_TARGET = 16.4;
				MTL_ENABLE_DEBUG_INFO = NO;
				MTL_FAST_MATH = YES;
				SDKROOT = iphoneos;
				SWIFT_COMPILATION_MODE = wholemodule;
				SWIFT_OPTIMIZATION_LEVEL = "-O";
				VALIDATE_PRODUCT = YES;
			};
			name = Release;
		};
		B43886842B35A206007D1D52 /* Debug */ = {
			isa = XCBuildConfiguration;
			buildSettings = {
				ASSETCATALOG_COMPILER_APPICON_NAME = AppIcon;
				ASSETCATALOG_COMPILER_GLOBAL_ACCENT_COLOR_NAME = AccentColor;
				CODE_SIGN_STYLE = Automatic;
				CURRENT_PROJECT_VERSION = 1;
				DEVELOPMENT_ASSET_PATHS = "\"Menu/Preview Content\"";
				ENABLE_PREVIEWS = YES;
				GENERATE_INFOPLIST_FILE = YES;
				INFOPLIST_KEY_UIApplicationSceneManifest_Generation = YES;
				INFOPLIST_KEY_UIApplicationSupportsIndirectInputEvents = YES;
				INFOPLIST_KEY_UILaunchScreen_Generation = YES;
				INFOPLIST_KEY_UISupportedInterfaceOrientations_iPad = "UIInterfaceOrientationPortrait UIInterfaceOrientationPortraitUpsideDown UIInterfaceOrientationLandscapeLeft UIInterfaceOrientationLandscapeRight";
				INFOPLIST_KEY_UISupportedInterfaceOrientations_iPhone = "UIInterfaceOrientationPortrait UIInterfaceOrientationLandscapeLeft UIInterfaceOrientationLandscapeRight";
				LD_RUNPATH_SEARCH_PATHS = (
					"$(inherited)",
					"@executable_path/Frameworks",
				);
				MARKETING_VERSION = 1.0;
				PRODUCT_BUNDLE_IDENTIFIER = com.littleOrange.Menu;
				PRODUCT_NAME = "$(TARGET_NAME)";
				SWIFT_EMIT_LOC_STRINGS = YES;
				SWIFT_VERSION = 5.0;
				TARGETED_DEVICE_FAMILY = "1,2";
			};
			name = Debug;
		};
		B43886852B35A206007D1D52 /* Release */ = {
			isa = XCBuildConfiguration;
			buildSettings = {
				ASSETCATALOG_COMPILER_APPICON_NAME = AppIcon;
				ASSETCATALOG_COMPILER_GLOBAL_ACCENT_COLOR_NAME = AccentColor;
				CODE_SIGN_STYLE = Automatic;
				CURRENT_PROJECT_VERSION = 1;
				DEVELOPMENT_ASSET_PATHS = "\"Menu/Preview Content\"";
				ENABLE_PREVIEWS = YES;
				GENERATE_INFOPLIST_FILE = YES;
				INFOPLIST_KEY_UIApplicationSceneManifest_Generation = YES;
				INFOPLIST_KEY_UIApplicationSupportsIndirectInputEvents = YES;
				INFOPLIST_KEY_UILaunchScreen_Generation = YES;
				INFOPLIST_KEY_UISupportedInterfaceOrientations_iPad = "UIInterfaceOrientationPortrait UIInterfaceOrientationPortraitUpsideDown UIInterfaceOrientationLandscapeLeft UIInterfaceOrientationLandscapeRight";
				INFOPLIST_KEY_UISupportedInterfaceOrientations_iPhone = "UIInterfaceOrientationPortrait UIInterfaceOrientationLandscapeLeft UIInterfaceOrientationLandscapeRight";
				LD_RUNPATH_SEARCH_PATHS = (
					"$(inherited)",
					"@executable_path/Frameworks",
				);
				MARKETING_VERSION = 1.0;
				PRODUCT_BUNDLE_IDENTIFIER = com.littleOrange.Menu;
				PRODUCT_NAME = "$(TARGET_NAME)";
				SWIFT_EMIT_LOC_STRINGS = YES;
				SWIFT_VERSION = 5.0;
				TARGETED_DEVICE_FAMILY = "1,2";
			};
			name = Release;
		};
		B43886872B35A206007D1D52 /* Debug */ = {
			isa = XCBuildConfiguration;
			buildSettings = {
				ALWAYS_EMBED_SWIFT_STANDARD_LIBRARIES = YES;
				BUNDLE_LOADER = "$(TEST_HOST)";
				CODE_SIGN_STYLE = Automatic;
				CURRENT_PROJECT_VERSION = 1;
				GENERATE_INFOPLIST_FILE = YES;
				IPHONEOS_DEPLOYMENT_TARGET = 16.4;
				MARKETING_VERSION = 1.0;
				PRODUCT_BUNDLE_IDENTIFIER = com.littleOrange.MenuTests;
				PRODUCT_NAME = "$(TARGET_NAME)";
				SWIFT_EMIT_LOC_STRINGS = NO;
				SWIFT_VERSION = 5.0;
				TARGETED_DEVICE_FAMILY = "1,2";
				TEST_HOST = "$(BUILT_PRODUCTS_DIR)/Menu.app/$(BUNDLE_EXECUTABLE_FOLDER_PATH)/Menu";
			};
			name = Debug;
		};
		B43886882B35A206007D1D52 /* Release */ = {
			isa = XCBuildConfiguration;
			buildSettings = {
				ALWAYS_EMBED_SWIFT_STANDARD_LIBRARIES = YES;
				BUNDLE_LOADER = "$(TEST_HOST)";
				CODE_SIGN_STYLE = Automatic;
				CURRENT_PROJECT_VERSION = 1;
				GENERATE_INFOPLIST_FILE = YES;
				IPHONEOS_DEPLOYMENT_TARGET = 16.4;
				MARKETING_VERSION = 1.0;
				PRODUCT_BUNDLE_IDENTIFIER = com.littleOrange.MenuTests;
				PRODUCT_NAME = "$(TARGET_NAME)";
				SWIFT_EMIT_LOC_STRINGS = NO;
				SWIFT_VERSION = 5.0;
				TARGETED_DEVICE_FAMILY = "1,2";
				TEST_HOST = "$(BUILT_PRODUCTS_DIR)/Menu.app/$(BUNDLE_EXECUTABLE_FOLDER_PATH)/Menu";
			};
			name = Release;
		};
		B438868A2B35A206007D1D52 /* Debug */ = {
			isa = XCBuildConfiguration;
			buildSettings = {
				ALWAYS_EMBED_SWIFT_STANDARD_LIBRARIES = YES;
				CODE_SIGN_STYLE = Automatic;
				CURRENT_PROJECT_VERSION = 1;
				GENERATE_INFOPLIST_FILE = YES;
				MARKETING_VERSION = 1.0;
				PRODUCT_BUNDLE_IDENTIFIER = com.littleOrange.MenuUITests;
				PRODUCT_NAME = "$(TARGET_NAME)";
				SWIFT_EMIT_LOC_STRINGS = NO;
				SWIFT_VERSION = 5.0;
				TARGETED_DEVICE_FAMILY = "1,2";
				TEST_TARGET_NAME = Menu;
			};
			name = Debug;
		};
		B438868B2B35A206007D1D52 /* Release */ = {
			isa = XCBuildConfiguration;
			buildSettings = {
				ALWAYS_EMBED_SWIFT_STANDARD_LIBRARIES = YES;
				CODE_SIGN_STYLE = Automatic;
				CURRENT_PROJECT_VERSION = 1;
				GENERATE_INFOPLIST_FILE = YES;
				MARKETING_VERSION = 1.0;
				PRODUCT_BUNDLE_IDENTIFIER = com.littleOrange.MenuUITests;
				PRODUCT_NAME = "$(TARGET_NAME)";
				SWIFT_EMIT_LOC_STRINGS = NO;
				SWIFT_VERSION = 5.0;
				TARGETED_DEVICE_FAMILY = "1,2";
				TEST_TARGET_NAME = Menu;
			};
			name = Release;
		};
/* End XCBuildConfiguration section */

/* Begin XCConfigurationList section */
		B438865A2B35A205007D1D52 /* Build configuration list for PBXProject "Menu" */ = {
			isa = XCConfigurationList;
			buildConfigurations = (
				B43886812B35A206007D1D52 /* Debug */,
				B43886822B35A206007D1D52 /* Release */,
			);
			defaultConfigurationIsVisible = 0;
			defaultConfigurationName = Release;
		};
		B43886832B35A206007D1D52 /* Build configuration list for PBXNativeTarget "Menu" */ = {
			isa = XCConfigurationList;
			buildConfigurations = (
				B43886842B35A206007D1D52 /* Debug */,
				B43886852B35A206007D1D52 /* Release */,
			);
			defaultConfigurationIsVisible = 0;
			defaultConfigurationName = Release;
		};
		B43886862B35A206007D1D52 /* Build configuration list for PBXNativeTarget "MenuTests" */ = {
			isa = XCConfigurationList;
			buildConfigurations = (
				B43886872B35A206007D1D52 /* Debug */,
				B43886882B35A206007D1D52 /* Release */,
			);
			defaultConfigurationIsVisible = 0;
			defaultConfigurationName = Release;
		};
		B43886892B35A206007D1D52 /* Build configuration list for PBXNativeTarget "MenuUITests" */ = {
			isa = XCConfigurationList;
			buildConfigurations = (
				B438868A2B35A206007D1D52 /* Debug */,
				B438868B2B35A206007D1D52 /* Release */,
			);
			defaultConfigurationIsVisible = 0;
			defaultConfigurationName = Release;
		};
/* End XCConfigurationList section */
	};
	rootObject = B43886572B35A205007D1D52 /* Project object */;
}
